
Microsoft Visual Studio Solution File, Format Version 12.00
# Visual Studio Version 17
VisualStudioVersion = 17.14.36414.22 d17.14
MinimumVisualStudioVersion = 10.0.40219.1
Project("{FAE04EC0-301F-11D3-BF4B-00C04F79EFBC}") = "OrmAPI", "OrmAPI.csproj", "{6A9F1756-0513-4C86-8A0C-589621E29157}"
EndProject
Global
	GlobalSection(SolutionConfigurationPlatforms) = preSolution
		Debug|Any CPU = Debug|Any CPU
		Release|Any CPU = Release|Any CPU
	EndGlobalSection
	GlobalSection(ProjectConfigurationPlatforms) = postSolution
		{6A9F1756-0513-4C86-8A0C-589621E29157}.Debug|Any CPU.ActiveCfg = Debug|Any CPU
		{6A9F1756-0513-4C86-8A0C-589621E29157}.Debug|Any CPU.Build.0 = Debug|Any CPU
		{6A9F1756-0513-4C86-8A0C-589621E29157}.Release|Any CPU.ActiveCfg = Release|Any CPU
		{6A9F1756-0513-4C86-8A0C-589621E29157}.Release|Any CPU.Build.0 = Release|Any CPU
	EndGlobalSection
	GlobalSection(SolutionProperties) = preSolution
		HideSolutionNode = FALSE
	EndGlobalSection
	GlobalSection(ExtensibilityGlobals) = postSolution
		SolutionGuid = {E30389FC-E38B-4C54-A7FE-7708F8996574}
	EndGlobalSection
EndGlobal
